
Microsoft Visual Studio Solution File, Format Version 12.00
# Visual Studio Version 17
VisualStudioVersion = 17.1.32407.343
MinimumVisualStudioVersion = 10.0.40219.1
Project("{9A19103F-16F7-4668-BE54-9A1E7A4F7556}") = "PASVE", "PASVE.csproj", "{8720A844-D983-4E9E-89D2-5AFB8EB42275}"
EndProject
Project("{2150E333-8FDC-42A3-9474-1A3956D46DE8}") = "ApiCall", "ApiCall", "{FC9C2F3A-23CA-4284-B11D-33F99826D509}"
EndProject
Project("{2150E333-8FDC-42A3-9474-1A3956D46DE8}") = "Model", "Model", "{FE470265-BFDF-4B21-8E2F-5BB4DBB71E29}"
EndProject
Project("{2150E333-8FDC-42A3-9474-1A3956D46DE8}") = "Service", "Service", "{830FFFA8-36A5-4EA0-9FE5-CA64187C1502}"
EndProject
Project("{2150E333-8FDC-42A3-9474-1A3956D46DE8}") = "Presentation", "Presentation", "{89119F46-9EC2-4207-AE58-FD1ED62013F4}"
EndProject
Project("{FAE04EC0-301F-11D3-BF4B-00C04F79EFBC}") = "PASVE.ApiCall", "..\PASVE.ApiCall\PASVE.ApiCall.csproj", "{2ED5F490-7711-496F-BF5C-D9D7C791E0AE}"
EndProject
Project("{9A19103F-16F7-4668-BE54-9A1E7A4F7556}") = "PASVE.Model", "..\PASVE.Model\PASVE.Model.csproj", "{54D4A389-8E45-4C77-BAFE-248A4B9CD458}"
EndProject
Project("{FAE04EC0-301F-11D3-BF4B-00C04F79EFBC}") = "PASVE.Service", "..\PASVE.Service\PASVE.Service.csproj", "{BF5A0FC4-F6C4-42C9-AB00-512C8FA851AD}"
EndProject
Project("{FAE04EC0-301F-11D3-BF4B-00C04F79EFBC}") = "PASVE.WebAPI", "..\PASVE.WebAPI\PASVE.WebAPI.csproj", "{CE5B9CA2-02A1-4563-BCFA-9D16AE9AA5BF}"
EndProject
Global
	GlobalSection(SolutionConfigurationPlatforms) = preSolution
		Debug|Any CPU = Debug|Any CPU
		Release|Any CPU = Release|Any CPU
	EndGlobalSection
	GlobalSection(ProjectConfigurationPlatforms) = postSolution
		{8720A844-D983-4E9E-89D2-5AFB8EB42275}.Debug|Any CPU.ActiveCfg = Debug|Any CPU
		{8720A844-D983-4E9E-89D2-5AFB8EB42275}.Debug|Any CPU.Build.0 = Debug|Any CPU
		{8720A844-D983-4E9E-89D2-5AFB8EB42275}.Release|Any CPU.ActiveCfg = Release|Any CPU
		{8720A844-D983-4E9E-89D2-5AFB8EB42275}.Release|Any CPU.Build.0 = Release|Any CPU
		{2ED5F490-7711-496F-BF5C-D9D7C791E0AE}.Debug|Any CPU.ActiveCfg = Debug|Any CPU
		{2ED5F490-7711-496F-BF5C-D9D7C791E0AE}.Debug|Any CPU.Build.0 = Debug|Any CPU
		{2ED5F490-7711-496F-BF5C-D9D7C791E0AE}.Release|Any CPU.ActiveCfg = Release|Any CPU
		{2ED5F490-7711-496F-BF5C-D9D7C791E0AE}.Release|Any CPU.Build.0 = Release|Any CPU
		{54D4A389-8E45-4C77-BAFE-248A4B9CD458}.Debug|Any CPU.ActiveCfg = Debug|Any CPU
		{54D4A389-8E45-4C77-BAFE-248A4B9CD458}.Debug|Any CPU.Build.0 = Debug|Any CPU
		{54D4A389-8E45-4C77-BAFE-248A4B9CD458}.Release|Any CPU.ActiveCfg = Release|Any CPU
		{54D4A389-8E45-4C77-BAFE-248A4B9CD458}.Release|Any CPU.Build.0 = Release|Any CPU
		{BF5A0FC4-F6C4-42C9-AB00-512C8FA851AD}.Debug|Any CPU.ActiveCfg = Debug|Any CPU
		{BF5A0FC4-F6C4-42C9-AB00-512C8FA851AD}.Debug|Any CPU.Build.0 = Debug|Any CPU
		{BF5A0FC4-F6C4-42C9-AB00-512C8FA851AD}.Release|Any CPU.ActiveCfg = Release|Any CPU
		{BF5A0FC4-F6C4-42C9-AB00-512C8FA851AD}.Release|Any CPU.Build.0 = Release|Any CPU
		{CE5B9CA2-02A1-4563-BCFA-9D16AE9AA5BF}.Debug|Any CPU.ActiveCfg = Debug|Any CPU
		{CE5B9CA2-02A1-4563-BCFA-9D16AE9AA5BF}.Debug|Any CPU.Build.0 = Debug|Any CPU
		{CE5B9CA2-02A1-4563-BCFA-9D16AE9AA5BF}.Release|Any CPU.ActiveCfg = Release|Any CPU
		{CE5B9CA2-02A1-4563-BCFA-9D16AE9AA5BF}.Release|Any CPU.Build.0 = Release|Any CPU
	EndGlobalSection
	GlobalSection(SolutionProperties) = preSolution
		HideSolutionNode = FALSE
	EndGlobalSection
	GlobalSection(NestedProjects) = preSolution
		{8720A844-D983-4E9E-89D2-5AFB8EB42275} = {89119F46-9EC2-4207-AE58-FD1ED62013F4}
		{2ED5F490-7711-496F-BF5C-D9D7C791E0AE} = {FC9C2F3A-23CA-4284-B11D-33F99826D509}
		{54D4A389-8E45-4C77-BAFE-248A4B9CD458} = {FE470265-BFDF-4B21-8E2F-5BB4DBB71E29}
		{BF5A0FC4-F6C4-42C9-AB00-512C8FA851AD} = {830FFFA8-36A5-4EA0-9FE5-CA64187C1502}
		{CE5B9CA2-02A1-4563-BCFA-9D16AE9AA5BF} = {89119F46-9EC2-4207-AE58-FD1ED62013F4}
	EndGlobalSection
	GlobalSection(ExtensibilityGlobals) = postSolution
		SolutionGuid = {E3EFB28C-880F-4600-AD70-694D134C2D32}
	EndGlobalSection
EndGlobal
