
Microsoft Visual Studio Solution File, Format Version 12.00
# Visual Studio Version 17
VisualStudioVersion = 17.1.32407.343
MinimumVisualStudioVersion = 10.0.40219.1
Project("{FAE04EC0-301F-11D3-BF4B-00C04F79EFBC}") = "PASVE", "PASVE.csproj", "{8720A844-D983-4E9E-89D2-5AFB8EB42275}"
EndProject
Global
	GlobalSection(SolutionConfigurationPlatforms) = preSolution
		Debug|Any CPU = Debug|Any CPU
		Release|Any CPU = Release|Any CPU
	EndGlobalSection
	GlobalSection(ProjectConfigurationPlatforms) = postSolution
		{8720A844-D983-4E9E-89D2-5AFB8EB42275}.Debug|Any CPU.ActiveCfg = Debug|Any CPU
		{8720A844-D983-4E9E-89D2-5AFB8EB42275}.Debug|Any CPU.Build.0 = Debug|Any CPU
		{8720A844-D983-4E9E-89D2-5AFB8EB42275}.Release|Any CPU.ActiveCfg = Release|Any CPU
		{8720A844-D983-4E9E-89D2-5AFB8EB42275}.Release|Any CPU.Build.0 = Release|Any CPU
	EndGlobalSection
	GlobalSection(SolutionProperties) = preSolution
		HideSolutionNode = FALSE
	EndGlobalSection
	GlobalSection(ExtensibilityGlobals) = postSolution
		SolutionGuid = {E3EFB28C-880F-4600-AD70-694D134C2D32}
	EndGlobalSection
EndGlobal
